
Microsoft Visual Studio Solution File, Format Version 12.00
# Visual Studio 15
VisualStudioVersion = 15.0.28307.271
MinimumVisualStudioVersion = 10.0.40219.1
Project("{FAE04EC0-301F-11D3-BF4B-00C04F79EFBC}") = "GoogleApi", "GoogleApi\GoogleApi.csproj", "{1E843C1A-D96E-4B42-B710-9710C9C2C33B}"
EndProject
Global
	GlobalSection(SolutionConfigurationPlatforms) = preSolution
		Debug|Any CPU = Debug|Any CPU
		Release|Any CPU = Release|Any CPU
	EndGlobalSection
	GlobalSection(ProjectConfigurationPlatforms) = postSolution
		{1E843C1A-D96E-4B42-B710-9710C9C2C33B}.Debug|Any CPU.ActiveCfg = Debug|Any CPU
		{1E843C1A-D96E-4B42-B710-9710C9C2C33B}.Debug|Any CPU.Build.0 = Debug|Any CPU
		{1E843C1A-D96E-4B42-B710-9710C9C2C33B}.Release|Any CPU.ActiveCfg = Release|Any CPU
		{1E843C1A-D96E-4B42-B710-9710C9C2C33B}.Release|Any CPU.Build.0 = Release|Any CPU
	EndGlobalSection
	GlobalSection(SolutionProperties) = preSolution
		HideSolutionNode = FALSE
	EndGlobalSection
	GlobalSection(ExtensibilityGlobals) = postSolution
		SolutionGuid = {4D97C726-CE67-40B2-9B8D-613CF63CF9AB}
	EndGlobalSection
EndGlobal
